<?xml version="1.0" encoding="utf-8"?>
<Project ToolsVersion="4.0" xmlns="http://schemas.microsoft.com/developer/msbuild/2003">
  <ItemGroup>
    <Filter Include="Source Files">
      <UniqueIdentifier>{4FC737F1-C7A5-4376-A066-2A32D752A2FF}</UniqueIdentifier>
      <Extensions>cpp;c;cc;cxx;def;odl;idl;hpj;bat;asm;asmx</Extensions>
    </Filter>
    <Filter Include="Header Files">
      <UniqueIdentifier>{93995380-89BD-4b04-88EB-625FBE52EBFB}</UniqueIdentifier>
      <Extensions>h;hh;hpp;hxx;hm;inl;inc;xsd</Extensions>
    </Filter>
    <Filter Include="Resource Files">
      <UniqueIdentifier>{67DA6AB6-F800-4c08-8B7A-83BB121AAD01}</UniqueIdentifier>
      <Extensions>rc;ico;cur;bmp;dlg;rc2;rct;bin;rgs;gif;jpg;jpeg;jpe;resx;tiff;tif;png;wav;mfcribbon-ms</Extensions>
    </Filter>
    <Filter Include="Header Files\xml">
      <UniqueIdentifier>{f74069c8-af77-4912-8554-b9e952253be5}</UniqueIdentifier>
    </Filter>
    <Filter Include="Source Files\xml">
      <UniqueIdentifier>{c3804dfb-d960-4191-926a-e9d1b21e7ef6}</UniqueIdentifier>
    </Filter>
    <Filter Include="Header Files\fileSearch">
      <UniqueIdentifier>{a336f0fa-9f2a-48ca-bf08-fa60c7f91005}</UniqueIdentifier>
    </Filter>
    <Filter Include="Source Files\fileSearch">
      <UniqueIdentifier>{10871262-e791-42ea-b6b0-aab7b6d50a4a}</UniqueIdentifier>
    </Filter>
  </ItemGroup>
  <ItemGroup>
    <ClInclude Include="Server.h">
      <Filter>Header Files</Filter>
    </ClInclude>
    <ClInclude Include="..\myChannel\Cpp11-BlockingQueue.h">
      <Filter>Header Files</Filter>
    </ClInclude>
    <ClInclude Include="..\Tools\ApplicationHelpers\AppHelpers.h">
      <Filter>Header Files</Filter>
    </ClInclude>
    <ClInclude Include="..\Tools\FileSystemDemo\FileSystem.h">
      <Filter>Header Files</Filter>
    </ClInclude>
    <ClInclude Include="..\Tools\Message\Message.h">
      <Filter>Header Files</Filter>
    </ClInclude>
    <ClInclude Include="..\Tools\Sockets\Sockets.h">
      <Filter>Header Files</Filter>
    </ClInclude>
    <ClInclude Include="..\Tools\hw1\Cataloger.h">
      <Filter>Header Files</Filter>
    </ClInclude>
    <ClInclude Include="..\Tools\hw1\Datastore.h">
      <Filter>Header Files</Filter>
    </ClInclude>
    <ClInclude Include="..\Tools\hw1\Display.h">
      <Filter>Header Files</Filter>
    </ClInclude>
    <ClInclude Include="..\Tools\hw1\FileManager.h">
      <Filter>Header Files</Filter>
    </ClInclude>
    <ClInclude Include="..\..\..\..\PROJ2\myProject2\hw2\itokcollection.h">
      <Filter>Header Files</Filter>
    </ClInclude>
    <ClInclude Include="..\..\..\..\PROJ2\myProject2\hw2\Tokenizer.h">
      <Filter>Header Files</Filter>
    </ClInclude>
    <ClInclude Include="..\..\..\..\PROJ2\myProject2\hw2\XmlDocument.h">
      <Filter>Header Files</Filter>
    </ClInclude>
    <ClInclude Include="..\..\..\..\PROJ2\myProject2\hw2\XmlElement.h">
      <Filter>Header Files</Filter>
    </ClInclude>
    <ClInclude Include="..\..\..\..\PROJ2\myProject2\hw2\xmlElementParts.h">
      <Filter>Header Files</Filter>
    </ClInclude>
  </ItemGroup>
  <ItemGroup>
    <ClCompile Include="Server.cpp">
      <Filter>Source Files</Filter>
    </ClCompile>
    <ClCompile Include="..\myChannel\Cpp11-BlockingQueue.cpp">
      <Filter>Source Files</Filter>
    </ClCompile>
    <ClCompile Include="..\Tools\ApplicationHelpers\AppHelpers.cpp">
      <Filter>Source Files</Filter>
    </ClCompile>
    <ClCompile Include="..\Tools\FileSystemDemo\FileSystem.cpp">
      <Filter>Source Files</Filter>
    </ClCompile>
    <ClCompile Include="..\Tools\Message\Message.cpp">
      <Filter>Source Files</Filter>
    </ClCompile>
    <ClCompile Include="..\Tools\Sockets\Sockets.cpp">
      <Filter>Source Files</Filter>
    </ClCompile>
    <ClCompile Include="..\Tools\hw1\Cataloger.cpp">
      <Filter>Source Files</Filter>
    </ClCompile>
    <ClCompile Include="..\Tools\hw1\Datastore.cpp">
      <Filter>Source Files</Filter>
    </ClCompile>
    <ClCompile Include="..\Tools\hw1\Display.cpp">
      <Filter>Source Files</Filter>
    </ClCompile>
    <ClCompile Include="..\Tools\hw1\FileManager.cpp">
      <Filter>Source Files</Filter>
    </ClCompile>
    <ClCompile Include="..\Tools\hw2\Tokenizer.cpp">
      <Filter>Source Files</Filter>
    </ClCompile>
    <ClCompile Include="..\Tools\hw2\XmlDocument.cpp">
      <Filter>Source Files</Filter>
    </ClCompile>
    <ClCompile Include="..\Tools\hw2\XmlElement.cpp">
      <Filter>Source Files</Filter>
    </ClCompile>
    <ClCompile Include="..\Tools\hw2\xmlElementParts.cpp">
      <Filter>Source Files</Filter>
    </ClCompile>
  </ItemGroup>
  <ItemGroup>
    <Library Include="..\Debug\myChannel.lib" />
  </ItemGroup>
</Project>